{
  "name": "mpx-ui",
  "version": "1.0.0",
  "lockfileVersion": 1,
  "requires": true,
  "dependencies": {
    "@mpxjs/core": {
      "version": "2.6.69",
      "resolved": "http://artifactory.intra.xiaojukeji.com:80/artifactory/api/npm/npm/@mpxjs/core/-/core-2.6.69.tgz?dl=https%3A%2F%2Frepo.huaweicloud.com%2Frepository%2Fnpm%2F%40mpxjs%2Fcore%2F-%2Fcore-2.6.69.tgz",
      "integrity": "sha1-snsxKSJO9aTdAjTGaHqr9d2PPmk=",
      "requires": {
        "@types/node": "^14.14.41",
        "lodash": "^4.1.1",
        "miniprogram-api-typings": "^3.0.2"
      }
    },
    "@types/node": {
      "version": "14.17.3",
      "resolved": "http://artifactory.intra.xiaojukeji.com:80/artifactory/api/npm/npm/@types/node/-/node-14.17.3.tgz?dl=https%3A%2F%2Frepo.huaweicloud.com%2Frepository%2Fnpm%2F%40types%2Fnode%2F-%2Fnode-14.17.3.tgz",
      "integrity": "sha1-bTJ6uqS+NKdOQh7WQJoK4vR/TD0="
    },
    "lodash": {
      "version": "4.17.21",
      "resolved": "http://artifactory.intra.xiaojukeji.com:80/artifactory/api/npm/npm/lodash/-/lodash-4.17.21.tgz?dl=https%3A%2F%2Frepo.huaweicloud.com%2Frepository%2Fnpm%2Flodash%2F-%2Flodash-4.17.21.tgz",
      "integrity": "sha1-Z5WRxWTDv/quhFTPCz3zcMPWkRw="
    },
    "miniprogram-api-typings": {
      "version": "3.3.2",
      "resolved": "http://artifactory.intra.xiaojukeji.com:80/artifactory/api/npm/npm/miniprogram-api-typings/-/miniprogram-api-typings-3.3.2.tgz?dl=https%3A%2F%2Frepo.huaweicloud.com%2Frepository%2Fnpm%2Fminiprogram-api-typings%2F-%2Fminiprogram-api-typings-3.3.2.tgz",
      "integrity": "sha1-HmqmWBfmU0hQFBzSryPu/2umG04="
    },
    "vue": {
      "version": "2.6.14",
      "resolved": "http://artifactory.intra.xiaojukeji.com:80/artifactory/api/npm/npm/vue/-/vue-2.6.14.tgz?dl=https%3A%2F%2Frepo.huaweicloud.com%2Frepository%2Fnpm%2Fvue%2F-%2Fvue-2.6.14.tgz",
      "integrity": "sha1-5RqlJQJQ1Wmj+606ilpofWA24jU="
    }
  }
}
